
Microsoft Visual Studio Solution File, Format Version 12.00
# Visual Studio Version 17
VisualStudioVersion = 17.5.33530.505
MinimumVisualStudioVersion = 10.0.40219.1
Project("{FAE04EC0-301F-11D3-BF4B-00C04F79EFBC}") = "WideBotApi", "WideBotApi\WideBotApi.csproj", "{AEAC94D4-6862-418E-9CEC-E25FEA88557C}"
EndProject
Global
	GlobalSection(SolutionConfigurationPlatforms) = preSolution
		Debug|Any CPU = Debug|Any CPU
		Release|Any CPU = Release|Any CPU
	EndGlobalSection
	GlobalSection(ProjectConfigurationPlatforms) = postSolution
		{AEAC94D4-6862-418E-9CEC-E25FEA88557C}.Debug|Any CPU.ActiveCfg = Debug|Any CPU
		{AEAC94D4-6862-418E-9CEC-E25FEA88557C}.Debug|Any CPU.Build.0 = Debug|Any CPU
		{AEAC94D4-6862-418E-9CEC-E25FEA88557C}.Release|Any CPU.ActiveCfg = Release|Any CPU
		{AEAC94D4-6862-418E-9CEC-E25FEA88557C}.Release|Any CPU.Build.0 = Release|Any CPU
	EndGlobalSection
	GlobalSection(SolutionProperties) = preSolution
		HideSolutionNode = FALSE
	EndGlobalSection
	GlobalSection(ExtensibilityGlobals) = postSolution
		SolutionGuid = {2C6E384E-5BC7-45C6-B961-74A6AD3D5965}
	EndGlobalSection
EndGlobal
